
Microsoft Visual Studio Solution File, Format Version 12.00
# Visual Studio Version 17
VisualStudioVersion = 17.5.002.0
MinimumVisualStudioVersion = 10.0.40219.1
Project("{9A19103F-16F7-4668-BE54-9A1E7A4F7556}") = "sante-service", "sante-service.csproj", "{9A1B3879-8BE5-4568-8EE5-6F7FBAAE543A}"
EndProject
Global
	GlobalSection(SolutionConfigurationPlatforms) = preSolution
		Debug|Any CPU = Debug|Any CPU
		Release|Any CPU = Release|Any CPU
	EndGlobalSection
	GlobalSection(ProjectConfigurationPlatforms) = postSolution
		{9A1B3879-8BE5-4568-8EE5-6F7FBAAE543A}.Debug|Any CPU.ActiveCfg = Debug|Any CPU
		{9A1B3879-8BE5-4568-8EE5-6F7FBAAE543A}.Debug|Any CPU.Build.0 = Debug|Any CPU
		{9A1B3879-8BE5-4568-8EE5-6F7FBAAE543A}.Release|Any CPU.ActiveCfg = Release|Any CPU
		{9A1B3879-8BE5-4568-8EE5-6F7FBAAE543A}.Release|Any CPU.Build.0 = Release|Any CPU
	EndGlobalSection
	GlobalSection(SolutionProperties) = preSolution
		HideSolutionNode = FALSE
	EndGlobalSection
	GlobalSection(ExtensibilityGlobals) = postSolution
		SolutionGuid = {F0BB0EF4-555D-4745-913A-FBF99132B473}
	EndGlobalSection
EndGlobal
